
Microsoft Visual Studio Solution File, Format Version 12.00
# Visual Studio Version 16
VisualStudioVersion = 16.0.30002.166
MinimumVisualStudioVersion = 10.0.40219.1
Project("{FAE04EC0-301F-11D3-BF4B-00C04F79EFBC}") = "MyFirstConsoleApp", "MyFirstConsoleApp.csproj", "{AD589B91-208E-4F93-B822-C57921332E5E}"
EndProject
Global
	GlobalSection(SolutionConfigurationPlatforms) = preSolution
		Debug|Any CPU = Debug|Any CPU
		Release|Any CPU = Release|Any CPU
	EndGlobalSection
	GlobalSection(ProjectConfigurationPlatforms) = postSolution
		{AD589B91-208E-4F93-B822-C57921332E5E}.Debug|Any CPU.ActiveCfg = Debug|Any CPU
		{AD589B91-208E-4F93-B822-C57921332E5E}.Debug|Any CPU.Build.0 = Debug|Any CPU
		{AD589B91-208E-4F93-B822-C57921332E5E}.Release|Any CPU.ActiveCfg = Release|Any CPU
		{AD589B91-208E-4F93-B822-C57921332E5E}.Release|Any CPU.Build.0 = Release|Any CPU
	EndGlobalSection
	GlobalSection(SolutionProperties) = preSolution
		HideSolutionNode = FALSE
	EndGlobalSection
	GlobalSection(ExtensibilityGlobals) = postSolution
		SolutionGuid = {1CDE10A4-C23B-4310-B590-40B83635D071}
	EndGlobalSection
EndGlobal
